
Microsoft Visual Studio Solution File, Format Version 12.00
# Visual Studio 15
VisualStudioVersion = 15.0.28307.960
MinimumVisualStudioVersion = 10.0.40219.1
Project("{FAE04EC0-301F-11D3-BF4B-00C04F79EFBC}") = "TaxApp", "TaxApp\TaxApp.csproj", "{CF9B3757-29DF-47C9-BEB8-C2DBADA823ED}"
EndProject
Global
	GlobalSection(SolutionConfigurationPlatforms) = preSolution
		Debug|Any CPU = Debug|Any CPU
		Release|Any CPU = Release|Any CPU
	EndGlobalSection
	GlobalSection(ProjectConfigurationPlatforms) = postSolution
		{CF9B3757-29DF-47C9-BEB8-C2DBADA823ED}.Debug|Any CPU.ActiveCfg = Debug|Any CPU
		{CF9B3757-29DF-47C9-BEB8-C2DBADA823ED}.Debug|Any CPU.Build.0 = Debug|Any CPU
		{CF9B3757-29DF-47C9-BEB8-C2DBADA823ED}.Release|Any CPU.ActiveCfg = Release|Any CPU
		{CF9B3757-29DF-47C9-BEB8-C2DBADA823ED}.Release|Any CPU.Build.0 = Release|Any CPU
	EndGlobalSection
	GlobalSection(SolutionProperties) = preSolution
		HideSolutionNode = FALSE
	EndGlobalSection
	GlobalSection(ExtensibilityGlobals) = postSolution
		SolutionGuid = {2565EA09-30F3-405E-BD8F-201C321D6421}
	EndGlobalSection
EndGlobal
