
Microsoft Visual Studio Solution File, Format Version 12.00
# Visual Studio 15
VisualStudioVersion = 15.0.28307.960
MinimumVisualStudioVersion = 10.0.40219.1
Project("{FAE04EC0-301F-11D3-BF4B-00C04F79EFBC}") = "EducationExample", "EducationExample\EducationExample.csproj", "{113B9664-C0BD-4BC7-BA28-77C9D149D093}"
EndProject
Global
	GlobalSection(SolutionConfigurationPlatforms) = preSolution
		Debug|Any CPU = Debug|Any CPU
		Release|Any CPU = Release|Any CPU
	EndGlobalSection
	GlobalSection(ProjectConfigurationPlatforms) = postSolution
		{113B9664-C0BD-4BC7-BA28-77C9D149D093}.Debug|Any CPU.ActiveCfg = Debug|Any CPU
		{113B9664-C0BD-4BC7-BA28-77C9D149D093}.Debug|Any CPU.Build.0 = Debug|Any CPU
		{113B9664-C0BD-4BC7-BA28-77C9D149D093}.Release|Any CPU.ActiveCfg = Release|Any CPU
		{113B9664-C0BD-4BC7-BA28-77C9D149D093}.Release|Any CPU.Build.0 = Release|Any CPU
	EndGlobalSection
	GlobalSection(SolutionProperties) = preSolution
		HideSolutionNode = FALSE
	EndGlobalSection
	GlobalSection(ExtensibilityGlobals) = postSolution
		SolutionGuid = {DD58CD2D-8A73-4156-AB98-CA283790539F}
	EndGlobalSection
EndGlobal
