
Microsoft Visual Studio Solution File, Format Version 12.00
# Visual Studio 15
VisualStudioVersion = 15.0.28307.960
MinimumVisualStudioVersion = 10.0.40219.1
Project("{FAE04EC0-301F-11D3-BF4B-00C04F79EFBC}") = "RealEstateInvestment", "RealEstateInvestment\RealEstateInvestment.csproj", "{7D5ED03C-2620-49AC-A59B-0ABC8250185B}"
EndProject
Global
	GlobalSection(SolutionConfigurationPlatforms) = preSolution
		Debug|Any CPU = Debug|Any CPU
		Release|Any CPU = Release|Any CPU
	EndGlobalSection
	GlobalSection(ProjectConfigurationPlatforms) = postSolution
		{7D5ED03C-2620-49AC-A59B-0ABC8250185B}.Debug|Any CPU.ActiveCfg = Debug|Any CPU
		{7D5ED03C-2620-49AC-A59B-0ABC8250185B}.Debug|Any CPU.Build.0 = Debug|Any CPU
		{7D5ED03C-2620-49AC-A59B-0ABC8250185B}.Release|Any CPU.ActiveCfg = Release|Any CPU
		{7D5ED03C-2620-49AC-A59B-0ABC8250185B}.Release|Any CPU.Build.0 = Release|Any CPU
	EndGlobalSection
	GlobalSection(SolutionProperties) = preSolution
		HideSolutionNode = FALSE
	EndGlobalSection
	GlobalSection(ExtensibilityGlobals) = postSolution
		SolutionGuid = {DE1C06FB-B714-4104-A552-0589BC72C417}
	EndGlobalSection
EndGlobal
