
Microsoft Visual Studio Solution File, Format Version 12.00
# Visual Studio 15
VisualStudioVersion = 15.0.28307.960
MinimumVisualStudioVersion = 10.0.40219.1
Project("{FAE04EC0-301F-11D3-BF4B-00C04F79EFBC}") = "TestOfCustomException", "TestOfCustomException\TestOfCustomException.csproj", "{409AF388-4462-4424-AB4B-00A40C2D63ED}"
EndProject
Global
	GlobalSection(SolutionConfigurationPlatforms) = preSolution
		Debug|Any CPU = Debug|Any CPU
		Release|Any CPU = Release|Any CPU
	EndGlobalSection
	GlobalSection(ProjectConfigurationPlatforms) = postSolution
		{409AF388-4462-4424-AB4B-00A40C2D63ED}.Debug|Any CPU.ActiveCfg = Debug|Any CPU
		{409AF388-4462-4424-AB4B-00A40C2D63ED}.Debug|Any CPU.Build.0 = Debug|Any CPU
		{409AF388-4462-4424-AB4B-00A40C2D63ED}.Release|Any CPU.ActiveCfg = Release|Any CPU
		{409AF388-4462-4424-AB4B-00A40C2D63ED}.Release|Any CPU.Build.0 = Release|Any CPU
	EndGlobalSection
	GlobalSection(SolutionProperties) = preSolution
		HideSolutionNode = FALSE
	EndGlobalSection
	GlobalSection(ExtensibilityGlobals) = postSolution
		SolutionGuid = {04644868-A2F2-4015-B96B-616F5C75420A}
	EndGlobalSection
EndGlobal
