
Microsoft Visual Studio Solution File, Format Version 12.00
# Visual Studio 15
VisualStudioVersion = 15.0.28307.960
MinimumVisualStudioVersion = 10.0.40219.1
Project("{FAE04EC0-301F-11D3-BF4B-00C04F79EFBC}") = "HelloWorldV2", "HelloWorldV2\HelloWorldV2.csproj", "{8C5A06EA-4933-44FD-8D4B-0C8715C283FA}"
EndProject
Global
	GlobalSection(SolutionConfigurationPlatforms) = preSolution
		Debug|Any CPU = Debug|Any CPU
		Release|Any CPU = Release|Any CPU
	EndGlobalSection
	GlobalSection(ProjectConfigurationPlatforms) = postSolution
		{8C5A06EA-4933-44FD-8D4B-0C8715C283FA}.Debug|Any CPU.ActiveCfg = Debug|Any CPU
		{8C5A06EA-4933-44FD-8D4B-0C8715C283FA}.Debug|Any CPU.Build.0 = Debug|Any CPU
		{8C5A06EA-4933-44FD-8D4B-0C8715C283FA}.Release|Any CPU.ActiveCfg = Release|Any CPU
		{8C5A06EA-4933-44FD-8D4B-0C8715C283FA}.Release|Any CPU.Build.0 = Release|Any CPU
	EndGlobalSection
	GlobalSection(SolutionProperties) = preSolution
		HideSolutionNode = FALSE
	EndGlobalSection
	GlobalSection(ExtensibilityGlobals) = postSolution
		SolutionGuid = {FEFBD198-9DA7-4F0B-9B37-4276BE9D1F00}
	EndGlobalSection
EndGlobal
